
Microsoft Visual Studio Solution File, Format Version 12.00
# Visual Studio 15
VisualStudioVersion = 15.0.28307.421
MinimumVisualStudioVersion = 10.0.40219.1
Project("{FAE04EC0-301F-11D3-BF4B-00C04F79EFBC}") = "helloworldGit", "helloworldGit\helloworldGit.csproj", "{D6545CB2-7F56-44F5-8751-ABB1EA14E71A}"
EndProject
Global
	GlobalSection(SolutionConfigurationPlatforms) = preSolution
		Debug|Any CPU = Debug|Any CPU
		Release|Any CPU = Release|Any CPU
	EndGlobalSection
	GlobalSection(ProjectConfigurationPlatforms) = postSolution
		{D6545CB2-7F56-44F5-8751-ABB1EA14E71A}.Debug|Any CPU.ActiveCfg = Debug|Any CPU
		{D6545CB2-7F56-44F5-8751-ABB1EA14E71A}.Debug|Any CPU.Build.0 = Debug|Any CPU
		{D6545CB2-7F56-44F5-8751-ABB1EA14E71A}.Release|Any CPU.ActiveCfg = Release|Any CPU
		{D6545CB2-7F56-44F5-8751-ABB1EA14E71A}.Release|Any CPU.Build.0 = Release|Any CPU
	EndGlobalSection
	GlobalSection(SolutionProperties) = preSolution
		HideSolutionNode = FALSE
	EndGlobalSection
	GlobalSection(ExtensibilityGlobals) = postSolution
		SolutionGuid = {1ADBB0D8-ABF8-4E98-B33E-F634E571A8C5}
	EndGlobalSection
EndGlobal
